
Microsoft Visual Studio Solution File, Format Version 12.00
# Visual Studio Version 17
VisualStudioVersion = 17.5.33627.172
MinimumVisualStudioVersion = 10.0.40219.1
Project("{FAE04EC0-301F-11D3-BF4B-00C04F79EFBC}") = "SDServerTP2Client", "SDServerTP2Client.csproj", "{1E0AC214-EA8F-4062-BBAF-8D456C4F1DC6}"
EndProject
Global
	GlobalSection(SolutionConfigurationPlatforms) = preSolution
		Debug|Any CPU = Debug|Any CPU
		Release|Any CPU = Release|Any CPU
	EndGlobalSection
	GlobalSection(ProjectConfigurationPlatforms) = postSolution
		{1E0AC214-EA8F-4062-BBAF-8D456C4F1DC6}.Debug|Any CPU.ActiveCfg = Debug|Any CPU
		{1E0AC214-EA8F-4062-BBAF-8D456C4F1DC6}.Debug|Any CPU.Build.0 = Debug|Any CPU
		{1E0AC214-EA8F-4062-BBAF-8D456C4F1DC6}.Release|Any CPU.ActiveCfg = Release|Any CPU
		{1E0AC214-EA8F-4062-BBAF-8D456C4F1DC6}.Release|Any CPU.Build.0 = Release|Any CPU
	EndGlobalSection
	GlobalSection(SolutionProperties) = preSolution
		HideSolutionNode = FALSE
	EndGlobalSection
	GlobalSection(ExtensibilityGlobals) = postSolution
		SolutionGuid = {B9D756A6-4D4B-4EE9-98B5-E5A964F3A889}
	EndGlobalSection
EndGlobal
